
Microsoft Visual Studio Solution File, Format Version 12.00
# Visual Studio Version 16
VisualStudioVersion = 16.0.29424.173
MinimumVisualStudioVersion = 10.0.40219.1
Project("{FAE04EC0-301F-11D3-BF4B-00C04F79EFBC}") = "Login", "Login\Login.csproj", "{DE432054-469D-4D1E-98C2-1C2C1F03D635}"
EndProject
Global
	GlobalSection(SolutionConfigurationPlatforms) = preSolution
		Debug|Any CPU = Debug|Any CPU
		Release|Any CPU = Release|Any CPU
	EndGlobalSection
	GlobalSection(ProjectConfigurationPlatforms) = postSolution
		{DE432054-469D-4D1E-98C2-1C2C1F03D635}.Debug|Any CPU.ActiveCfg = Debug|Any CPU
		{DE432054-469D-4D1E-98C2-1C2C1F03D635}.Debug|Any CPU.Build.0 = Debug|Any CPU
		{DE432054-469D-4D1E-98C2-1C2C1F03D635}.Debug|Any CPU.Deploy.0 = Debug|Any CPU
		{DE432054-469D-4D1E-98C2-1C2C1F03D635}.Release|Any CPU.ActiveCfg = Release|Any CPU
		{DE432054-469D-4D1E-98C2-1C2C1F03D635}.Release|Any CPU.Build.0 = Release|Any CPU
		{DE432054-469D-4D1E-98C2-1C2C1F03D635}.Release|Any CPU.Deploy.0 = Release|Any CPU
	EndGlobalSection
	GlobalSection(SolutionProperties) = preSolution
		HideSolutionNode = FALSE
	EndGlobalSection
	GlobalSection(ExtensibilityGlobals) = postSolution
		SolutionGuid = {0F6D19D1-D0ED-4768-8DFA-219E4372595E}
	EndGlobalSection
EndGlobal
